
Microsoft Visual Studio Solution File, Format Version 12.00
# Visual Studio 15
Project("{FAE04EC0-301F-11D3-BF4B-00C04F79EFBC}") = "Assembly-CSharp", "Assembly-CSharp.csproj", "{1F457399-A9AB-2DDA-9C2C-38C69B730175}"
EndProject
Project("{FAE04EC0-301F-11D3-BF4B-00C04F79EFBC}") = "Assembly-CSharp-Editor", "Assembly-CSharp-Editor.csproj", "{267C1EA1-DD71-47DA-D67E-D4F49069C67A}"
EndProject
Global
	GlobalSection(SolutionConfigurationPlatforms) = preSolution
		Debug|Any CPU = Debug|Any CPU
		Release|Any CPU = Release|Any CPU
	EndGlobalSection
	GlobalSection(ProjectConfigurationPlatforms) = postSolution
		{1F457399-A9AB-2DDA-9C2C-38C69B730175}.Debug|Any CPU.ActiveCfg = Debug|Any CPU
		{1F457399-A9AB-2DDA-9C2C-38C69B730175}.Debug|Any CPU.Build.0 = Debug|Any CPU
		{1F457399-A9AB-2DDA-9C2C-38C69B730175}.Release|Any CPU.ActiveCfg = Release|Any CPU
		{1F457399-A9AB-2DDA-9C2C-38C69B730175}.Release|Any CPU.Build.0 = Release|Any CPU
		{267C1EA1-DD71-47DA-D67E-D4F49069C67A}.Debug|Any CPU.ActiveCfg = Debug|Any CPU
		{267C1EA1-DD71-47DA-D67E-D4F49069C67A}.Debug|Any CPU.Build.0 = Debug|Any CPU
		{267C1EA1-DD71-47DA-D67E-D4F49069C67A}.Release|Any CPU.ActiveCfg = Release|Any CPU
		{267C1EA1-DD71-47DA-D67E-D4F49069C67A}.Release|Any CPU.Build.0 = Release|Any CPU
	EndGlobalSection
	GlobalSection(SolutionProperties) = preSolution
		HideSolutionNode = FALSE
	EndGlobalSection
EndGlobal
